
Microsoft Visual Studio Solution File, Format Version 12.00
# Visual Studio Version 16
VisualStudioVersion = 16.0.32228.343
MinimumVisualStudioVersion = 10.0.40219.1
Project("{FAE04EC0-301F-11D3-BF4B-00C04F79EFBC}") = "IncursionHelpers", "IncursionHelpers.csproj", "{8DD1D586-B102-4E2B-AA32-B7D4FD0F3CA9}"
EndProject
Global
	GlobalSection(SolutionConfigurationPlatforms) = preSolution
		Debug|Any CPU = Debug|Any CPU
		Release|Any CPU = Release|Any CPU
	EndGlobalSection
	GlobalSection(ProjectConfigurationPlatforms) = postSolution
		{8DD1D586-B102-4E2B-AA32-B7D4FD0F3CA9}.Debug|Any CPU.ActiveCfg = Debug|Any CPU
		{8DD1D586-B102-4E2B-AA32-B7D4FD0F3CA9}.Debug|Any CPU.Build.0 = Debug|Any CPU
		{8DD1D586-B102-4E2B-AA32-B7D4FD0F3CA9}.Release|Any CPU.ActiveCfg = Release|Any CPU
		{8DD1D586-B102-4E2B-AA32-B7D4FD0F3CA9}.Release|Any CPU.Build.0 = Release|Any CPU
	EndGlobalSection
	GlobalSection(SolutionProperties) = preSolution
		HideSolutionNode = FALSE
	EndGlobalSection
	GlobalSection(ExtensibilityGlobals) = postSolution
		SolutionGuid = {4EE31964-368D-4A9B-9E88-FF80FB979A4A}
	EndGlobalSection
EndGlobal
